
Microsoft Visual Studio Solution File, Format Version 11.00
# Visual Studio 2010
Project("{FAE04EC0-301F-11D3-BF4B-00C04F79EFBC}") = "ChatWebApplication", "ChatWebApplication.csproj", "{FB77A1EB-BF80-43A1-BB41-0E9A9DE26E59}"
EndProject
Global
	GlobalSection(SolutionConfigurationPlatforms) = preSolution
		Debug|Any CPU = Debug|Any CPU
		Release|Any CPU = Release|Any CPU
	EndGlobalSection
	GlobalSection(ProjectConfigurationPlatforms) = postSolution
		{FB77A1EB-BF80-43A1-BB41-0E9A9DE26E59}.Debug|Any CPU.ActiveCfg = Debug|Any CPU
		{FB77A1EB-BF80-43A1-BB41-0E9A9DE26E59}.Debug|Any CPU.Build.0 = Debug|Any CPU
		{FB77A1EB-BF80-43A1-BB41-0E9A9DE26E59}.Release|Any CPU.ActiveCfg = Release|Any CPU
		{FB77A1EB-BF80-43A1-BB41-0E9A9DE26E59}.Release|Any CPU.Build.0 = Release|Any CPU
	EndGlobalSection
	GlobalSection(SolutionProperties) = preSolution
		HideSolutionNode = FALSE
	EndGlobalSection
EndGlobal
